
Microsoft Visual Studio Solution File, Format Version 12.00
# Visual Studio Version 17
VisualStudioVersion = 17.0.31903.59
MinimumVisualStudioVersion = 10.0.40219.1
Project("{2150E333-8FDC-42A3-9474-1A3956D46DE8}") = "src", "src", "{389E73EB-35FF-4426-9BB9-CC76837943AD}"
EndProject
Project("{2150E333-8FDC-42A3-9474-1A3956D46DE8}") = "Core", "Core", "{B042B342-1D2B-4AA9-8CA9-E5F197590F38}"
EndProject
Project("{FAE04EC0-301F-11D3-BF4B-00C04F79EFBC}") = "Domain", "src\Core\Domain\Domain.csproj", "{150FC7CC-529B-4CA6-8DDE-29BF874D4C8F}"
EndProject
Project("{FAE04EC0-301F-11D3-BF4B-00C04F79EFBC}") = "Application", "src\Core\Application\Application.csproj", "{0B8B515A-F31C-4820-8067-835D81A6307E}"
EndProject
Project("{FAE04EC0-301F-11D3-BF4B-00C04F79EFBC}") = "Infrastructure", "src\Infrastructure\Infrastructure.csproj", "{10721041-7C37-4322-98EA-97A263F7139E}"
EndProject
Project("{FAE04EC0-301F-11D3-BF4B-00C04F79EFBC}") = "Presentation.Desktop", "src\Presentation.Desktop\Presentation.Desktop.csproj", "{D74385A7-567C-45AC-83A0-ACB44486B448}"
EndProject
Project("{2150E333-8FDC-42A3-9474-1A3956D46DE8}") = "Presentation.Functions", "Presentation.Functions", "{0DAED117-1ED1-4278-BEA5-3544F91072FE}"
EndProject
Project("{FAE04EC0-301F-11D3-BF4B-00C04F79EFBC}") = "Functions", "src\Presentation.Functions\Functions.csproj", "{C5428C35-FF35-4DB5-A033-DB1E78F3222C}"
EndProject
Project("{FAE04EC0-301F-11D3-BF4B-00C04F79EFBC}") = "BackupService", "src\BackupService\BackupService.csproj", "{CD789645-E206-41E5-9ED1-314C88A597A2}"
EndProject
Project("{2150E333-8FDC-42A3-9474-1A3956D46DE8}") = "tests", "tests", "{CEA1BF9A-55B4-49C9-9D27-5E60AD18AF8B}"
EndProject
Project("{FAE04EC0-301F-11D3-BF4B-00C04F79EFBC}") = "Unit", "tests\Unit\Unit.csproj", "{56656051-5378-46CF-954C-5ACCA0403283}"
EndProject
Global
	GlobalSection(SolutionConfigurationPlatforms) = preSolution
		Debug|Any CPU = Debug|Any CPU
		Release|Any CPU = Release|Any CPU
	EndGlobalSection
	GlobalSection(SolutionProperties) = preSolution
		HideSolutionNode = FALSE
	EndGlobalSection
	GlobalSection(ProjectConfigurationPlatforms) = postSolution
		{150FC7CC-529B-4CA6-8DDE-29BF874D4C8F}.Debug|Any CPU.ActiveCfg = Debug|Any CPU
		{150FC7CC-529B-4CA6-8DDE-29BF874D4C8F}.Debug|Any CPU.Build.0 = Debug|Any CPU
		{150FC7CC-529B-4CA6-8DDE-29BF874D4C8F}.Release|Any CPU.ActiveCfg = Release|Any CPU
		{150FC7CC-529B-4CA6-8DDE-29BF874D4C8F}.Release|Any CPU.Build.0 = Release|Any CPU
		{0B8B515A-F31C-4820-8067-835D81A6307E}.Debug|Any CPU.ActiveCfg = Debug|Any CPU
		{0B8B515A-F31C-4820-8067-835D81A6307E}.Debug|Any CPU.Build.0 = Debug|Any CPU
		{0B8B515A-F31C-4820-8067-835D81A6307E}.Release|Any CPU.ActiveCfg = Release|Any CPU
		{0B8B515A-F31C-4820-8067-835D81A6307E}.Release|Any CPU.Build.0 = Release|Any CPU
		{10721041-7C37-4322-98EA-97A263F7139E}.Debug|Any CPU.ActiveCfg = Debug|Any CPU
		{10721041-7C37-4322-98EA-97A263F7139E}.Debug|Any CPU.Build.0 = Debug|Any CPU
		{10721041-7C37-4322-98EA-97A263F7139E}.Release|Any CPU.ActiveCfg = Release|Any CPU
		{10721041-7C37-4322-98EA-97A263F7139E}.Release|Any CPU.Build.0 = Release|Any CPU
		{D74385A7-567C-45AC-83A0-ACB44486B448}.Debug|Any CPU.ActiveCfg = Debug|Any CPU
		{D74385A7-567C-45AC-83A0-ACB44486B448}.Debug|Any CPU.Build.0 = Debug|Any CPU
		{D74385A7-567C-45AC-83A0-ACB44486B448}.Release|Any CPU.ActiveCfg = Release|Any CPU
		{D74385A7-567C-45AC-83A0-ACB44486B448}.Release|Any CPU.Build.0 = Release|Any CPU
		{C5428C35-FF35-4DB5-A033-DB1E78F3222C}.Debug|Any CPU.ActiveCfg = Debug|Any CPU
		{C5428C35-FF35-4DB5-A033-DB1E78F3222C}.Debug|Any CPU.Build.0 = Debug|Any CPU
		{C5428C35-FF35-4DB5-A033-DB1E78F3222C}.Release|Any CPU.ActiveCfg = Release|Any CPU
		{C5428C35-FF35-4DB5-A033-DB1E78F3222C}.Release|Any CPU.Build.0 = Release|Any CPU
		{CD789645-E206-41E5-9ED1-314C88A597A2}.Debug|Any CPU.ActiveCfg = Debug|Any CPU
		{CD789645-E206-41E5-9ED1-314C88A597A2}.Debug|Any CPU.Build.0 = Debug|Any CPU
		{CD789645-E206-41E5-9ED1-314C88A597A2}.Release|Any CPU.ActiveCfg = Release|Any CPU
		{CD789645-E206-41E5-9ED1-314C88A597A2}.Release|Any CPU.Build.0 = Release|Any CPU
		{56656051-5378-46CF-954C-5ACCA0403283}.Debug|Any CPU.ActiveCfg = Debug|Any CPU
		{56656051-5378-46CF-954C-5ACCA0403283}.Debug|Any CPU.Build.0 = Debug|Any CPU
		{56656051-5378-46CF-954C-5ACCA0403283}.Release|Any CPU.ActiveCfg = Release|Any CPU
		{56656051-5378-46CF-954C-5ACCA0403283}.Release|Any CPU.Build.0 = Release|Any CPU
	EndGlobalSection
	GlobalSection(NestedProjects) = preSolution
		{B042B342-1D2B-4AA9-8CA9-E5F197590F38} = {389E73EB-35FF-4426-9BB9-CC76837943AD}
		{150FC7CC-529B-4CA6-8DDE-29BF874D4C8F} = {B042B342-1D2B-4AA9-8CA9-E5F197590F38}
		{0B8B515A-F31C-4820-8067-835D81A6307E} = {B042B342-1D2B-4AA9-8CA9-E5F197590F38}
		{10721041-7C37-4322-98EA-97A263F7139E} = {389E73EB-35FF-4426-9BB9-CC76837943AD}
		{D74385A7-567C-45AC-83A0-ACB44486B448} = {389E73EB-35FF-4426-9BB9-CC76837943AD}
		{0DAED117-1ED1-4278-BEA5-3544F91072FE} = {389E73EB-35FF-4426-9BB9-CC76837943AD}
		{C5428C35-FF35-4DB5-A033-DB1E78F3222C} = {0DAED117-1ED1-4278-BEA5-3544F91072FE}
		{CD789645-E206-41E5-9ED1-314C88A597A2} = {389E73EB-35FF-4426-9BB9-CC76837943AD}
		{56656051-5378-46CF-954C-5ACCA0403283} = {CEA1BF9A-55B4-49C9-9D27-5E60AD18AF8B}
	EndGlobalSection
EndGlobal
